[[tools."cargo:cargo-deny"]]
version = "0.18.9"
backend = "cargo:cargo-deny"

[[tools."cargo:cargo-shear"]]
version = "1.9.1"
backend = "cargo:cargo-shear"

[[tools."cargo:maudfmt"]]
version = "0.1.8"
backend = "cargo:maudfmt"

[[tools.editorconfig-checker]]
version = "3.6.0"
backend = "aqua:editorconfig-checker/editorconfig-checker"

[[tools.tombi]]
version = "0.7.14"
backend = "aqua:tombi-toml/tombi"

[tools.tombi.platforms.linux-x64]
checksum = "sha256:4d39f14fbaae9eee4fbe9c529ee911a676e0b0f01a7840fb6cc4e578df9d561c"
size = 7663141
url = "https://github.com/tombi-toml/tombi/releases/download/v0.7.14/tombi-cli-0.7.14-x86_64-unknown-linux-musl.gz"
